{
  "version": "5",
  "specifiers": {
    "jsr:@std/assert@*": "1.0.19",
    "jsr:@std/assert@^1.0.19": "1.0.19",
    "jsr:@std/internal@^1.0.12": "1.0.12",
    "npm:@bunny.net/edgescript-sdk@*": "0.12.1"
  },
  "jsr": {
    "@std/assert@1.0.19": {
      "integrity": "eaada96ee120cb980bc47e040f82814d786fe8162ecc53c91d8df60b8755991e",
      "dependencies": [
        "jsr:@std/internal"
      ]
    },
    "@std/internal@1.0.12": {
      "integrity": "972a634fd5bc34b242024402972cd5143eac68d8dffaca5eaa4dba30ce17b027"
    }
  },
  "npm": {
    "@bunny.net/edgescript-sdk@0.12.1": {
      "integrity": "sha512-+B+AUnfA+9y6PlyX6BNL2Uk8x3vExRIKKP+rH0r4UnEWRiJZsbuEnZg5Au6pglf67NumP8tOwbrqP9jS4e+jDQ==",
      "dependencies": [
        "@hono/node-server",
        "hono"
      ]
    },
    "@hono/node-server@1.19.11_hono@4.12.8": {
      "integrity": "sha512-dr8/3zEaB+p0D2n/IUrlPF1HZm586qgJNXK1a9fhg/PzdtkK7Ksd5l312tJX2yBuALqDYBlG20QEbayqPyxn+g==",
      "dependencies": [
        "hono"
      ]
    },
    "hono@4.12.8": {
      "integrity": "sha512-VJCEvtrezO1IAR+kqEYnxUOoStaQPGrCmX3j4wDTNOcD1uRPFpGlwQUIW8niPuvHXaTUxeOUl5MMDGrl+tmO9A=="
    }
  },
  "workspace": {
    "dependencies": [
      "jsr:@std/assert@^1.0.19",
      "npm:@bunny.net/edgescript-sdk@*"
    ]
  }
}
